
Microsoft Visual Studio Solution File, Format Version 12.00
# Visual Studio 2013
VisualStudioVersion = 12.0.21005.1
MinimumVisualStudioVersion = 10.0.40219.1
Project("{FAE04EC0-301F-11D3-BF4B-00C04F79EFBC}") = "Card2Cash2", "Card2Cash2\Card2Cash2.csproj", "{C11C0A09-DCD5-4B64-8653-EF56AC16EA95}"
EndProject
Global
	GlobalSection(SolutionConfigurationPlatforms) = preSolution
		Debug|Any CPU = Debug|Any CPU
		Release|Any CPU = Release|Any CPU
	EndGlobalSection
	GlobalSection(ProjectConfigurationPlatforms) = postSolution
		{C11C0A09-DCD5-4B64-8653-EF56AC16EA95}.Debug|Any CPU.ActiveCfg = Debug|Any CPU
		{C11C0A09-DCD5-4B64-8653-EF56AC16EA95}.Debug|Any CPU.Build.0 = Debug|Any CPU
		{C11C0A09-DCD5-4B64-8653-EF56AC16EA95}.Release|Any CPU.ActiveCfg = Release|Any CPU
		{C11C0A09-DCD5-4B64-8653-EF56AC16EA95}.Release|Any CPU.Build.0 = Release|Any CPU
	EndGlobalSection
	GlobalSection(SolutionProperties) = preSolution
		HideSolutionNode = FALSE
	EndGlobalSection
EndGlobal
